
Microsoft Visual Studio Solution File, Format Version 12.00
# Visual Studio 2015
Project("{FAE04EC0-301F-11D3-BF4B-00C04F79EFBC}") = "PlanetInspector", "PlanetInspector.csproj", "{56947E83-DB3C-90DC-AFEE-D778024CE1A0}"
EndProject
Project("{FAE04EC0-301F-11D3-BF4B-00C04F79EFBC}") = "PlanetInspector.Editor", "PlanetInspector.Editor.csproj", "{7F5C8C8B-E46E-4CAB-8667-1D6A1B3FB919}"
EndProject
Global
	GlobalSection(SolutionConfigurationPlatforms) = preSolution
		Debug|Any CPU = Debug|Any CPU
		Release|Any CPU = Release|Any CPU
	EndGlobalSection
	GlobalSection(ProjectConfigurationPlatforms) = postSolution
		{56947E83-DB3C-90DC-AFEE-D778024CE1A0}.Debug|Any CPU.ActiveCfg = Debug|Any CPU
		{56947E83-DB3C-90DC-AFEE-D778024CE1A0}.Debug|Any CPU.Build.0 = Debug|Any CPU
		{56947E83-DB3C-90DC-AFEE-D778024CE1A0}.Release|Any CPU.ActiveCfg = Release|Any CPU
		{56947E83-DB3C-90DC-AFEE-D778024CE1A0}.Release|Any CPU.Build.0 = Release|Any CPU
		{7F5C8C8B-E46E-4CAB-8667-1D6A1B3FB919}.Debug|Any CPU.ActiveCfg = Debug|Any CPU
		{7F5C8C8B-E46E-4CAB-8667-1D6A1B3FB919}.Debug|Any CPU.Build.0 = Debug|Any CPU
		{7F5C8C8B-E46E-4CAB-8667-1D6A1B3FB919}.Release|Any CPU.ActiveCfg = Release|Any CPU
		{7F5C8C8B-E46E-4CAB-8667-1D6A1B3FB919}.Release|Any CPU.Build.0 = Release|Any CPU
	EndGlobalSection
	GlobalSection(SolutionProperties) = preSolution
		HideSolutionNode = FALSE
	EndGlobalSection
EndGlobal
